
Microsoft Visual Studio Solution File, Format Version 12.00
# Visual Studio 15
VisualStudioVersion = 15.0.27130.2027
MinimumVisualStudioVersion = 10.0.40219.1
Project("{FAE04EC0-301F-11D3-BF4B-00C04F79EFBC}") = "VolCylineder", "VolCylineder\VolCylineder.csproj", "{57431CDA-D48D-4FE4-9DE2-68193DAECD2F}"
EndProject
Global
	GlobalSection(SolutionConfigurationPlatforms) = preSolution
		Debug|Any CPU = Debug|Any CPU
		Release|Any CPU = Release|Any CPU
	EndGlobalSection
	GlobalSection(ProjectConfigurationPlatforms) = postSolution
		{57431CDA-D48D-4FE4-9DE2-68193DAECD2F}.Debug|Any CPU.ActiveCfg = Debug|Any CPU
		{57431CDA-D48D-4FE4-9DE2-68193DAECD2F}.Debug|Any CPU.Build.0 = Debug|Any CPU
		{57431CDA-D48D-4FE4-9DE2-68193DAECD2F}.Release|Any CPU.ActiveCfg = Release|Any CPU
		{57431CDA-D48D-4FE4-9DE2-68193DAECD2F}.Release|Any CPU.Build.0 = Release|Any CPU
	EndGlobalSection
	GlobalSection(SolutionProperties) = preSolution
		HideSolutionNode = FALSE
	EndGlobalSection
	GlobalSection(ExtensibilityGlobals) = postSolution
		SolutionGuid = {2B638F7D-0888-48E7-B162-3D7EE053AD1E}
	EndGlobalSection
EndGlobal
